// !$*UTF8*$!
{
	archiveVersion = 1;
	classes = {
	};
	objectVersion = 77;
	objects = {

/* Begin PBXBuildFile section */
		51A69016EB70647AF9D6E7DE /* SimRotatorHostApp.swift in Sources */ = {isa = PBXBuildFile; fileRef = 9EC55E41E36C0D540FFA96B4 /* SimRotatorHostApp.swift */; };
		BA584CF1A1AE35D24E7B9B68 /* RotateTests.swift in Sources */ = {isa = PBXBuildFile; fileRef = 2953636743DAF32B53C397E0 /* RotateTests.swift */; };
/* End PBXBuildFile section */

/* Begin PBXContainerItemProxy section */
		281F0F463D628342B4366D4B /* PBXContainerItemProxy */ = {
			isa = PBXContainerItemProxy;
			containerPortal = 9A3DD5342B115FEA9738E270 /* Project object */;
			proxyType = 1;
			remoteGlobalIDString = EE79B92CAD231B037EFF80E0;
			remoteInfo = SimRotatorHost;
		};
/* End PBXContainerItemProxy section */

/* Begin PBXFileReference section */
		2953636743DAF32B53C397E0 /* RotateTests.swift */ = {isa = PBXFileReference; lastKnownFileType = sourcecode.swift; path = RotateTests.swift; sourceTree = "<group>"; };
		5B6828732891A4F7BD095765 /* SimRotatorHost.app */ = {isa = PBXFileReference; includeInIndex = 0; lastKnownFileType = wrapper.application; path = SimRotatorHost.app; sourceTree = BUILT_PRODUCTS_DIR; };
		6F4B9C61D7DE3702DEE6DA54 /* SimRotatorUITests.xctest */ = {isa = PBXFileReference; includeInIndex = 0; lastKnownFileType = wrapper.cfbundle; path = SimRotatorUITests.xctest; sourceTree = BUILT_PRODUCTS_DIR; };
		9EC55E41E36C0D540FFA96B4 /* SimRotatorHostApp.swift */ = {isa = PBXFileReference; lastKnownFileType = sourcecode.swift; path = SimRotatorHostApp.swift; sourceTree = "<group>"; };
/* End PBXFileReference section */

/* Begin PBXGroup section */
		3A856D87ABDD0D96F2424FBD = {
			isa = PBXGroup;
			children = (
				BDB8851947DC716B85E45E68 /* Host */,
				BAB9E83ED9817080D5720E87 /* UITests */,
				BB556040CF5AB2F4D5DB43AC /* Products */,
			);
			sourceTree = "<group>";
		};
		BAB9E83ED9817080D5720E87 /* UITests */ = {
			isa = PBXGroup;
			children = (
				2953636743DAF32B53C397E0 /* RotateTests.swift */,
			);
			path = UITests;
			sourceTree = "<group>";
		};
		BB556040CF5AB2F4D5DB43AC /* Products */ = {
			isa = PBXGroup;
			children = (
				5B6828732891A4F7BD095765 /* SimRotatorHost.app */,
				6F4B9C61D7DE3702DEE6DA54 /* SimRotatorUITests.xctest */,
			);
			name = Products;
			sourceTree = "<group>";
		};
		BDB8851947DC716B85E45E68 /* Host */ = {
			isa = PBXGroup;
			children = (
				9EC55E41E36C0D540FFA96B4 /* SimRotatorHostApp.swift */,
			);
			path = Host;
			sourceTree = "<group>";
		};
/* End PBXGroup section */

/* Begin PBXNativeTarget section */
		57BC6CAF69D7F26C1BFAB710 /* SimRotatorUITests */ = {
			isa = PBXNativeTarget;
			buildConfigurationList = 394CFC10EF0543DB3E8BFDC0 /* Build configuration list for PBXNativeTarget "SimRotatorUITests" */;
			buildPhases = (
				AA64F065E4288F978163CB34 /* Sources */,
			);
			buildRules = (
			);
			dependencies = (
				BA4F4433C1415AA83DA210F8 /* PBXTargetDependency */,
			);
			name = SimRotatorUITests;
			packageProductDependencies = (
			);
			productName = SimRotatorUITests;
			productReference = 6F4B9C61D7DE3702DEE6DA54 /* SimRotatorUITests.xctest */;
			productType = "com.apple.product-type.bundle.ui-testing";
		};
		EE79B92CAD231B037EFF80E0 /* SimRotatorHost */ = {
			isa = PBXNativeTarget;
			buildConfigurationList = D48DA4660856CE4F63C204CB /* Build configuration list for PBXNativeTarget "SimRotatorHost" */;
			buildPhases = (
				1B5795F8F64F1CAE357B3B5D /* Sources */,
			);
			buildRules = (
			);
			dependencies = (
			);
			name = SimRotatorHost;
			packageProductDependencies = (
			);
			productName = SimRotatorHost;
			productReference = 5B6828732891A4F7BD095765 /* SimRotatorHost.app */;
			productType = "com.apple.product-type.application";
		};
/* End PBXNativeTarget section */

/* Begin PBXProject section */
		9A3DD5342B115FEA9738E270 /* Project object */ = {
			isa = PBXProject;
			attributes = {
				BuildIndependentTargetsInParallel = YES;
				LastUpgradeCheck = 1430;
				TargetAttributes = {
					57BC6CAF69D7F26C1BFAB710 = {
						DevelopmentTeam = "";
						ProvisioningStyle = Manual;
						TestTargetID = EE79B92CAD231B037EFF80E0;
					};
					EE79B92CAD231B037EFF80E0 = {
						DevelopmentTeam = "";
						ProvisioningStyle = Manual;
					};
				};
			};
			buildConfigurationList = 2B3749FD975592CA12D5F9AD /* Build configuration list for PBXProject "SimRotator" */;
			developmentRegion = en;
			hasScannedForEncodings = 0;
			knownRegions = (
				Base,
				en,
			);
			mainGroup = 3A856D87ABDD0D96F2424FBD;
			minimizedProjectReferenceProxies = 1;
			preferredProjectObjectVersion = 77;
			productRefGroup = BB556040CF5AB2F4D5DB43AC /* Products */;
			projectDirPath = "";
			projectRoot = "";
			targets = (
				EE79B92CAD231B037EFF80E0 /* SimRotatorHost */,
				57BC6CAF69D7F26C1BFAB710 /* SimRotatorUITests */,
			);
		};
/* End PBXProject section */

/* Begin PBXSourcesBuildPhase section */
		1B5795F8F64F1CAE357B3B5D /* Sources */ = {
			isa = PBXSourcesBuildPhase;
			buildActionMask = 2147483647;
			files = (
				51A69016EB70647AF9D6E7DE /* SimRotatorHostApp.swift in Sources */,
			);
			runOnlyForDeploymentPostprocessing = 0;
		};
		AA64F065E4288F978163CB34 /* Sources */ = {
			isa = PBXSourcesBuildPhase;
			buildActionMask = 2147483647;
			files = (
				BA584CF1A1AE35D24E7B9B68 /* RotateTests.swift in Sources */,
			);
			runOnlyForDeploymentPostprocessing = 0;
		};
/* End PBXSourcesBuildPhase section */

/* Begin PBXTargetDependency section */
		BA4F4433C1415AA83DA210F8 /* PBXTargetDependency */ = {
			isa = PBXTargetDependency;
			target = EE79B92CAD231B037EFF80E0 /* SimRotatorHost */;
			targetProxy = 281F0F463D628342B4366D4B /* PBXContainerItemProxy */;
		};
/* End PBXTargetDependency section */

/* Begin XCBuildConfiguration section */
		14C55DFB43F299AC8550AD17 /* Release */ = {
			isa = XCBuildConfiguration;
			buildSettings = {
				ALWAYS_SEARCH_USER_PATHS = NO;
				CLANG_ANALYZER_NONNULL = YES;
				CLANG_ANALYZER_NUMBER_OBJECT_CONVERSION = YES_AGGRESSIVE;
				CLANG_CXX_LANGUAGE_STANDARD = "gnu++14";
				CLANG_CXX_LIBRARY = "libc++";
				CLANG_ENABLE_MODULES = YES;
				CLANG_ENABLE_OBJC_ARC = YES;
				CLANG_ENABLE_OBJC_WEAK = YES;
				CLANG_WARN_BLOCK_CAPTURE_AUTORELEASING = YES;
				CLANG_WARN_BOOL_CONVERSION = YES;
				CLANG_WARN_COMMA = YES;
				CLANG_WARN_CONSTANT_CONVERSION = YES;
				CLANG_WARN_DEPRECATED_OBJC_IMPLEMENTATIONS = YES;
				CLANG_WARN_DIRECT_OBJC_ISA_USAGE = YES_ERROR;
				CLANG_WARN_DOCUMENTATION_COMMENTS = YES;
				CLANG_WARN_EMPTY_BODY = YES;
				CLANG_WARN_ENUM_CONVERSION = YES;
				CLANG_WARN_INFINITE_RECURSION = YES;
				CLANG_WARN_INT_CONVERSION = YES;
				CLANG_WARN_NON_LITERAL_NULL_CONVERSION = YES;
				CLANG_WARN_OBJC_IMPLICIT_RETAIN_SELF = YES;
				CLANG_WARN_OBJC_LITERAL_CONVERSION = YES;
				CLANG_WARN_OBJC_ROOT_CLASS = YES_ERROR;
				CLANG_WARN_QUOTED_INCLUDE_IN_FRAMEWORK_HEADER = YES;
				CLANG_WARN_RANGE_LOOP_ANALYSIS = YES;
				CLANG_WARN_STRICT_PROTOTYPES = YES;
				CLANG_WARN_SUSPICIOUS_MOVE = YES;
				CLANG_WARN_UNGUARDED_AVAILABILITY = YES_AGGRESSIVE;
				CLANG_WARN_UNREACHABLE_CODE = YES;
				CLANG_WARN__DUPLICATE_METHOD_MATCH = YES;
				CODE_SIGN_IDENTITY = "-";
				CODE_SIGN_STYLE = Manual;
				COPY_PHASE_STRIP = NO;
				DEBUG_INFORMATION_FORMAT = "dwarf-with-dsym";
				DEVELOPMENT_TEAM = "";
				ENABLE_NS_ASSERTIONS = NO;
				ENABLE_STRICT_OBJC_MSGSEND = YES;
				GCC_C_LANGUAGE_STANDARD = gnu11;
				GCC_NO_COMMON_BLOCKS = YES;
				GCC_WARN_64_TO_32_BIT_CONVERSION = YES;
				GCC_WARN_ABOUT_RETURN_TYPE = YES_ERROR;
				GCC_WARN_UNDECLARED_SELECTOR = YES;
				GCC_WARN_UNINITIALIZED_AUTOS = YES_AGGRESSIVE;
				GCC_WARN_UNUSED_FUNCTION = YES;
				GCC_WARN_UNUSED_VARIABLE = YES;
				GENERATE_INFOPLIST_FILE = YES;
				IPHONEOS_DEPLOYMENT_TARGET = 17.0;
				MTL_ENABLE_DEBUG_INFO = NO;
				MTL_FAST_MATH = YES;
				PRODUCT_NAME = "$(TARGET_NAME)";
				SDKROOT = iphoneos;
				SWIFT_COMPILATION_MODE = wholemodule;
				SWIFT_OPTIMIZATION_LEVEL = "-O";
				SWIFT_VERSION = 5.0;
			};
			name = Release;
		};
		3EC8430FB55655C06176D22C /* Debug */ = {
			isa = XCBuildConfiguration;
			buildSettings = {
				ASSETCATALOG_COMPILER_APPICON_NAME = AppIcon;
				CODE_SIGN_IDENTITY = "iPhone Developer";
				INFOPLIST_KEY_UILaunchScreen_Generation = YES;
				INFOPLIST_KEY_UISupportedInterfaceOrientations = "UIInterfaceOrientationPortrait UIInterfaceOrientationLandscapeLeft UIInterfaceOrientationLandscapeRight";
				INFOPLIST_KEY_UISupportedInterfaceOrientations_iPad = "UIInterfaceOrientationPortrait UIInterfaceOrientationPortraitUpsideDown UIInterfaceOrientationLandscapeLeft UIInterfaceOrientationLandscapeRight";
				LD_RUNPATH_SEARCH_PATHS = (
					"$(inherited)",
					"@executable_path/Frameworks",
				);
				PRODUCT_BUNDLE_IDENTIFIER = net.fenyo.simrotator.host;
				SDKROOT = iphoneos;
				TARGETED_DEVICE_FAMILY = "1,2";
			};
			name = Debug;
		};
		82EC8B5BAEDBD6F60B2F1B43 /* Debug */ = {
			isa = XCBuildConfiguration;
			buildSettings = {
				BUNDLE_LOADER = "$(TEST_HOST)";
				LD_RUNPATH_SEARCH_PATHS = (
					"$(inherited)",
					"@executable_path/Frameworks",
					"@loader_path/Frameworks",
				);
				PRODUCT_BUNDLE_IDENTIFIER = net.fenyo.simrotator.uitests;
				SDKROOT = iphoneos;
				TARGETED_DEVICE_FAMILY = "1,2";
				TEST_TARGET_NAME = SimRotatorHost;
			};
			name = Debug;
		};
		9FCB97A8321D17F6B3E973D2 /* Debug */ = {
			isa = XCBuildConfiguration;
			buildSettings = {
				ALWAYS_SEARCH_USER_PATHS = NO;
				CLANG_ANALYZER_NONNULL = YES;
				CLANG_ANALYZER_NUMBER_OBJECT_CONVERSION = YES_AGGRESSIVE;
				CLANG_CXX_LANGUAGE_STANDARD = "gnu++14";
				CLANG_CXX_LIBRARY = "libc++";
				CLANG_ENABLE_MODULES = YES;
				CLANG_ENABLE_OBJC_ARC = YES;
				CLANG_ENABLE_OBJC_WEAK = YES;
				CLANG_WARN_BLOCK_CAPTURE_AUTORELEASING = YES;
				CLANG_WARN_BOOL_CONVERSION = YES;
				CLANG_WARN_COMMA = YES;
				CLANG_WARN_CONSTANT_CONVERSION = YES;
				CLANG_WARN_DEPRECATED_OBJC_IMPLEMENTATIONS = YES;
				CLANG_WARN_DIRECT_OBJC_ISA_USAGE = YES_ERROR;
				CLANG_WARN_DOCUMENTATION_COMMENTS = YES;
				CLANG_WARN_EMPTY_BODY = YES;
				CLANG_WARN_ENUM_CONVERSION = YES;
				CLANG_WARN_INFINITE_RECURSION = YES;
				CLANG_WARN_INT_CONVERSION = YES;
				CLANG_WARN_NON_LITERAL_NULL_CONVERSION = YES;
				CLANG_WARN_OBJC_IMPLICIT_RETAIN_SELF = YES;
				CLANG_WARN_OBJC_LITERAL_CONVERSION = YES;
				CLANG_WARN_OBJC_ROOT_CLASS = YES_ERROR;
				CLANG_WARN_QUOTED_INCLUDE_IN_FRAMEWORK_HEADER = YES;
				CLANG_WARN_RANGE_LOOP_ANALYSIS = YES;
				CLANG_WARN_STRICT_PROTOTYPES = YES;
				CLANG_WARN_SUSPICIOUS_MOVE = YES;
				CLANG_WARN_UNGUARDED_AVAILABILITY = YES_AGGRESSIVE;
				CLANG_WARN_UNREACHABLE_CODE = YES;
				CLANG_WARN__DUPLICATE_METHOD_MATCH = YES;
				CODE_SIGN_IDENTITY = "-";
				CODE_SIGN_STYLE = Manual;
				COPY_PHASE_STRIP = NO;
				DEBUG_INFORMATION_FORMAT = dwarf;
				DEVELOPMENT_TEAM = "";
				ENABLE_STRICT_OBJC_MSGSEND = YES;
				ENABLE_TESTABILITY = YES;
				GCC_C_LANGUAGE_STANDARD = gnu11;
				GCC_DYNAMIC_NO_PIC = NO;
				GCC_NO_COMMON_BLOCKS = YES;
				GCC_OPTIMIZATION_LEVEL = 0;
				GCC_PREPROCESSOR_DEFINITIONS = (
					"$(inherited)",
					"DEBUG=1",
				);
				GCC_WARN_64_TO_32_BIT_CONVERSION = YES;
				GCC_WARN_ABOUT_RETURN_TYPE = YES_ERROR;
				GCC_WARN_UNDECLARED_SELECTOR = YES;
				GCC_WARN_UNINITIALIZED_AUTOS = YES_AGGRESSIVE;
				GCC_WARN_UNUSED_FUNCTION = YES;
				GCC_WARN_UNUSED_VARIABLE = YES;
				GENERATE_INFOPLIST_FILE = YES;
				IPHONEOS_DEPLOYMENT_TARGET = 17.0;
				MTL_ENABLE_DEBUG_INFO = INCLUDE_SOURCE;
				MTL_FAST_MATH = YES;
				ONLY_ACTIVE_ARCH = YES;
				PRODUCT_NAME = "$(TARGET_NAME)";
				SDKROOT = iphoneos;
				SWIFT_ACTIVE_COMPILATION_CONDITIONS = DEBUG;
				SWIFT_OPTIMIZATION_LEVEL = "-Onone";
				SWIFT_VERSION = 5.0;
			};
			name = Debug;
		};
		A73666D8F2DB9B8E9C8EDF4A /* Release */ = {
			isa = XCBuildConfiguration;
			buildSettings = {
				ASSETCATALOG_COMPILER_APPICON_NAME = AppIcon;
				CODE_SIGN_IDENTITY = "iPhone Developer";
				INFOPLIST_KEY_UILaunchScreen_Generation = YES;
				INFOPLIST_KEY_UISupportedInterfaceOrientations = "UIInterfaceOrientationPortrait UIInterfaceOrientationLandscapeLeft UIInterfaceOrientationLandscapeRight";
				INFOPLIST_KEY_UISupportedInterfaceOrientations_iPad = "UIInterfaceOrientationPortrait UIInterfaceOrientationPortraitUpsideDown UIInterfaceOrientationLandscapeLeft UIInterfaceOrientationLandscapeRight";
				LD_RUNPATH_SEARCH_PATHS = (
					"$(inherited)",
					"@executable_path/Frameworks",
				);
				PRODUCT_BUNDLE_IDENTIFIER = net.fenyo.simrotator.host;
				SDKROOT = iphoneos;
				TARGETED_DEVICE_FAMILY = "1,2";
			};
			name = Release;
		};
		B9380472AAA2A2F95979F4DF /* Release */ = {
			isa = XCBuildConfiguration;
			buildSettings = {
				BUNDLE_LOADER = "$(TEST_HOST)";
				LD_RUNPATH_SEARCH_PATHS = (
					"$(inherited)",
					"@executable_path/Frameworks",
					"@loader_path/Frameworks",
				);
				PRODUCT_BUNDLE_IDENTIFIER = net.fenyo.simrotator.uitests;
				SDKROOT = iphoneos;
				TARGETED_DEVICE_FAMILY = "1,2";
				TEST_TARGET_NAME = SimRotatorHost;
			};
			name = Release;
		};
/* End XCBuildConfiguration section */

/* Begin XCConfigurationList section */
		2B3749FD975592CA12D5F9AD /* Build configuration list for PBXProject "SimRotator" */ = {
			isa = XCConfigurationList;
			buildConfigurations = (
				9FCB97A8321D17F6B3E973D2 /* Debug */,
				14C55DFB43F299AC8550AD17 /* Release */,
			);
			defaultConfigurationIsVisible = 0;
			defaultConfigurationName = Debug;
		};
		394CFC10EF0543DB3E8BFDC0 /* Build configuration list for PBXNativeTarget "SimRotatorUITests" */ = {
			isa = XCConfigurationList;
			buildConfigurations = (
				82EC8B5BAEDBD6F60B2F1B43 /* Debug */,
				B9380472AAA2A2F95979F4DF /* Release */,
			);
			defaultConfigurationIsVisible = 0;
			defaultConfigurationName = Debug;
		};
		D48DA4660856CE4F63C204CB /* Build configuration list for PBXNativeTarget "SimRotatorHost" */ = {
			isa = XCConfigurationList;
			buildConfigurations = (
				3EC8430FB55655C06176D22C /* Debug */,
				A73666D8F2DB9B8E9C8EDF4A /* Release */,
			);
			defaultConfigurationIsVisible = 0;
			defaultConfigurationName = Debug;
		};
/* End XCConfigurationList section */
	};
	rootObject = 9A3DD5342B115FEA9738E270 /* Project object */;
}
