// !$*UTF8*$!
{
	archiveVersion = 1;
	classes = {
	};
	objectVersion = 50;
	objects = {

/* Begin PBXBuildFile section */
		5D1351EF208538DB00E4A76D /* AppDelegate.swift in Sources */ = {isa = PBXBuildFile; fileRef = 5D1351EE208538DB00E4A76D /* AppDelegate.swift */; };
		5D13522020853BEA00E4A76D /* GenericTools.swift in Sources */ = {isa = PBXBuildFile; fileRef = 5D13521F20853BEA00E4A76D /* GenericTools.swift */; };
		5D20A0DA28591DA300C958E9 /* DetailSwiftUIView.swift in Sources */ = {isa = PBXBuildFile; fileRef = 5D20A0D928591DA300C958E9 /* DetailSwiftUIView.swift */; };
		5D38681020963915009FE239 /* config.plist in Resources */ = {isa = PBXBuildFile; fileRef = 5D38680F20963915009FE239 /* config.plist */; };
		5D42E783216DE5890062A654 /* MasterSectionHeader.xib in Resources */ = {isa = PBXBuildFile; fileRef = 5D42E782216DE5890062A654 /* MasterSectionHeader.xib */; };
		5D42E785216DE6000062A654 /* MasterSectionHeader.swift in Sources */ = {isa = PBXBuildFile; fileRef = 5D42E784216DE6000062A654 /* MasterSectionHeader.swift */; };
		5D4B385620A2ECD9006AC172 /* Tools.xcassets in Resources */ = {isa = PBXBuildFile; fileRef = 5D4B385520A2ECD9006AC172 /* Tools.xcassets */; };
		5D63644E213EE0FD00BFEB0F /* Model.swift in Sources */ = {isa = PBXBuildFile; fileRef = 5D63644D213EE0FD00BFEB0F /* Model.swift */; };
		5D6E7FF920EA9E9800375D42 /* SplitViewController.swift in Sources */ = {isa = PBXBuildFile; fileRef = 5D6E7FF820EA9E9800375D42 /* SplitViewController.swift */; };
		5D7C30D320EA146600BF0CF8 /* SpeedTest.storyboard in Resources */ = {isa = PBXBuildFile; fileRef = 5D7C30D220EA146600BF0CF8 /* SpeedTest.storyboard */; };
		5D7C30D820EA1A0B00BF0CF8 /* MasterViewController.swift in Sources */ = {isa = PBXBuildFile; fileRef = 5D7C30D720EA1A0B00BF0CF8 /* MasterViewController.swift */; };
		5D7C30DA20EA1B1300BF0CF8 /* DetailViewController.swift in Sources */ = {isa = PBXBuildFile; fileRef = 5D7C30D920EA1B1300BF0CF8 /* DetailViewController.swift */; };
		5DE9CE95214FE99B006F3BC0 /* leftNavController.swift in Sources */ = {isa = PBXBuildFile; fileRef = 5DE9CE94214FE99B006F3BC0 /* leftNavController.swift */; };
		5DE9CE97214FEA5A006F3BC0 /* RightNavController.swift in Sources */ = {isa = PBXBuildFile; fileRef = 5DE9CE96214FEA5A006F3BC0 /* RightNavController.swift */; };
		5DF21516212D7C13002B7603 /* genericTools.c in Sources */ = {isa = PBXBuildFile; fileRef = 5DF21514212D7C13002B7603 /* genericTools.c */; };
/* End PBXBuildFile section */

/* Begin PBXFileReference section */
		5D1351EB208538DB00E4A76D /* iOS tools.app */ = {isa = PBXFileReference; explicitFileType = wrapper.application; includeInIndex = 0; path = "iOS tools.app"; sourceTree = BUILT_PRODUCTS_DIR; };
		5D1351EE208538DB00E4A76D /* AppDelegate.swift */ = {isa = PBXFileReference; lastKnownFileType = sourcecode.swift; path = AppDelegate.swift; sourceTree = "<group>"; };
		5D1351FC208538E300E4A76D /* Info.plist */ = {isa = PBXFileReference; lastKnownFileType = text.plist.xml; path = Info.plist; sourceTree = "<group>"; };
		5D135205208538E300E4A76D /* iOS_toolsTests.swift */ = {isa = PBXFileReference; lastKnownFileType = sourcecode.swift; path = iOS_toolsTests.swift; sourceTree = "<group>"; };
		5D135207208538E300E4A76D /* Info.plist */ = {isa = PBXFileReference; lastKnownFileType = text.plist.xml; path = Info.plist; sourceTree = "<group>"; };
		5D135210208538E300E4A76D /* iOS_toolsUITests.swift */ = {isa = PBXFileReference; lastKnownFileType = sourcecode.swift; path = iOS_toolsUITests.swift; sourceTree = "<group>"; };
		5D135212208538E300E4A76D /* Info.plist */ = {isa = PBXFileReference; lastKnownFileType = text.plist.xml; path = Info.plist; sourceTree = "<group>"; };
		5D13521F20853BEA00E4A76D /* GenericTools.swift */ = {isa = PBXFileReference; lastKnownFileType = sourcecode.swift; path = GenericTools.swift; sourceTree = "<group>"; };
		5D20A0D928591DA300C958E9 /* DetailSwiftUIView.swift */ = {isa = PBXFileReference; lastKnownFileType = sourcecode.swift; path = DetailSwiftUIView.swift; sourceTree = "<group>"; };
		5D38680F20963915009FE239 /* config.plist */ = {isa = PBXFileReference; lastKnownFileType = text.plist.xml; path = config.plist; sourceTree = "<group>"; };
		5D42E782216DE5890062A654 /* MasterSectionHeader.xib */ = {isa = PBXFileReference; lastKnownFileType = file.xib; path = MasterSectionHeader.xib; sourceTree = "<group>"; };
		5D42E784216DE6000062A654 /* MasterSectionHeader.swift */ = {isa = PBXFileReference; lastKnownFileType = sourcecode.swift; path = MasterSectionHeader.swift; sourceTree = "<group>"; };
		5D4B385520A2ECD9006AC172 /* Tools.xcassets */ = {isa = PBXFileReference; lastKnownFileType = folder.assetcatalog; path = Tools.xcassets; sourceTree = "<group>"; };
		5D63644D213EE0FD00BFEB0F /* Model.swift */ = {isa = PBXFileReference; lastKnownFileType = sourcecode.swift; path = Model.swift; sourceTree = "<group>"; };
		5D6E7FF820EA9E9800375D42 /* SplitViewController.swift */ = {isa = PBXFileReference; lastKnownFileType = sourcecode.swift; path = SplitViewController.swift; sourceTree = "<group>"; };
		5D7C30D220EA146600BF0CF8 /* SpeedTest.storyboard */ = {isa = PBXFileReference; lastKnownFileType = file.storyboard; path = SpeedTest.storyboard; sourceTree = "<group>"; };
		5D7C30D720EA1A0B00BF0CF8 /* MasterViewController.swift */ = {isa = PBXFileReference; lastKnownFileType = sourcecode.swift; path = MasterViewController.swift; sourceTree = "<group>"; };
		5D7C30D920EA1B1300BF0CF8 /* DetailViewController.swift */ = {isa = PBXFileReference; lastKnownFileType = sourcecode.swift; path = DetailViewController.swift; sourceTree = "<group>"; };
		5DC736C120D3A55600C2A199 /* iOS tools-Bridging-Header.h */ = {isa = PBXFileReference; lastKnownFileType = sourcecode.c.h; path = "iOS tools-Bridging-Header.h"; sourceTree = "<group>"; };
		5DE9CE94214FE99B006F3BC0 /* leftNavController.swift */ = {isa = PBXFileReference; lastKnownFileType = sourcecode.swift; path = leftNavController.swift; sourceTree = "<group>"; };
		5DE9CE96214FEA5A006F3BC0 /* RightNavController.swift */ = {isa = PBXFileReference; lastKnownFileType = sourcecode.swift; path = RightNavController.swift; sourceTree = "<group>"; };
		5DF21514212D7C13002B7603 /* genericTools.c */ = {isa = PBXFileReference; lastKnownFileType = sourcecode.c.c; path = genericTools.c; sourceTree = "<group>"; };
		5DF21515212D7C13002B7603 /* genericTools.h */ = {isa = PBXFileReference; lastKnownFileType = sourcecode.c.h; path = genericTools.h; sourceTree = "<group>"; };
/* End PBXFileReference section */

/* Begin PBXFrameworksBuildPhase section */
		5D1351E8208538DB00E4A76D /* Frameworks */ = {
			isa = PBXFrameworksBuildPhase;
			buildActionMask = 2147483647;
			files = (
			);
			runOnlyForDeploymentPostprocessing = 0;
		};
/* End PBXFrameworksBuildPhase section */

/* Begin PBXGroup section */
		5D0A7E0C2850FC9C00CCCF0C /* Frameworks */ = {
			isa = PBXGroup;
			children = (
			);
			name = Frameworks;
			sourceTree = "<group>";
		};
		5D1351E2208538DB00E4A76D = {
			isa = PBXGroup;
			children = (
				5D1351ED208538DB00E4A76D /* iOS tools */,
				5D135204208538E300E4A76D /* iOS toolsTests */,
				5D13520F208538E300E4A76D /* iOS toolsUITests */,
				5D1351EC208538DB00E4A76D /* Products */,
				5D0A7E0C2850FC9C00CCCF0C /* Frameworks */,
			);
			sourceTree = "<group>";
		};
		5D1351EC208538DB00E4A76D /* Products */ = {
			isa = PBXGroup;
			children = (
				5D1351EB208538DB00E4A76D /* iOS tools.app */,
			);
			name = Products;
			sourceTree = "<group>";
		};
		5D1351ED208538DB00E4A76D /* iOS tools */ = {
			isa = PBXGroup;
			children = (
				5D7C30D420EA15DD00BF0CF8 /* SpeedTest */,
				5D13521E20853BB400E4A76D /* Tools */,
				5D1351EE208538DB00E4A76D /* AppDelegate.swift */,
				5D1351FC208538E300E4A76D /* Info.plist */,
			);
			path = "iOS tools";
			sourceTree = "<group>";
		};
		5D135204208538E300E4A76D /* iOS toolsTests */ = {
			isa = PBXGroup;
			children = (
				5D135205208538E300E4A76D /* iOS_toolsTests.swift */,
				5D135207208538E300E4A76D /* Info.plist */,
			);
			path = "iOS toolsTests";
			sourceTree = "<group>";
		};
		5D13520F208538E300E4A76D /* iOS toolsUITests */ = {
			isa = PBXGroup;
			children = (
				5D135210208538E300E4A76D /* iOS_toolsUITests.swift */,
				5D135212208538E300E4A76D /* Info.plist */,
			);
			path = "iOS toolsUITests";
			sourceTree = "<group>";
		};
		5D13521E20853BB400E4A76D /* Tools */ = {
			isa = PBXGroup;
			children = (
				5DF21515212D7C13002B7603 /* genericTools.h */,
				5DF21514212D7C13002B7603 /* genericTools.c */,
				5D13521F20853BEA00E4A76D /* GenericTools.swift */,
				5D38680F20963915009FE239 /* config.plist */,
				5D4B385520A2ECD9006AC172 /* Tools.xcassets */,
				5DC736C120D3A55600C2A199 /* iOS tools-Bridging-Header.h */,
			);
			path = Tools;
			sourceTree = "<group>";
		};
		5D1F12462728300F00656D0D /* SwiftUI */ = {
			isa = PBXGroup;
			children = (
				5D20A0D928591DA300C958E9 /* DetailSwiftUIView.swift */,
				5D7C30D920EA1B1300BF0CF8 /* DetailViewController.swift */,
			);
			path = SwiftUI;
			sourceTree = "<group>";
		};
		5D63644C213EE0DF00BFEB0F /* Model */ = {
			isa = PBXGroup;
			children = (
				5D63644D213EE0FD00BFEB0F /* Model.swift */,
			);
			path = Model;
			sourceTree = "<group>";
		};
		5D7C30D420EA15DD00BF0CF8 /* SpeedTest */ = {
			isa = PBXGroup;
			children = (
				5D63644C213EE0DF00BFEB0F /* Model */,
				5DF21501211B5D98002B7603 /* GUI */,
			);
			path = SpeedTest;
			sourceTree = "<group>";
		};
		5DF21501211B5D98002B7603 /* GUI */ = {
			isa = PBXGroup;
			children = (
				5D1F12462728300F00656D0D /* SwiftUI */,
				5D7C30D220EA146600BF0CF8 /* SpeedTest.storyboard */,
				5D42E782216DE5890062A654 /* MasterSectionHeader.xib */,
				5D7C30D720EA1A0B00BF0CF8 /* MasterViewController.swift */,
				5D6E7FF820EA9E9800375D42 /* SplitViewController.swift */,
				5DE9CE94214FE99B006F3BC0 /* leftNavController.swift */,
				5DE9CE96214FEA5A006F3BC0 /* RightNavController.swift */,
				5D42E784216DE6000062A654 /* MasterSectionHeader.swift */,
			);
			path = GUI;
			sourceTree = "<group>";
		};
/* End PBXGroup section */

/* Begin PBXNativeTarget section */
		5D1351EA208538DB00E4A76D /* iOS tools */ = {
			isa = PBXNativeTarget;
			buildConfigurationList = 5D135215208538E300E4A76D /* Build configuration list for PBXNativeTarget "iOS tools" */;
			buildPhases = (
				5D38680E209623E1009FE239 /* ShellScript */,
				5D1351E7208538DB00E4A76D /* Sources */,
				5D1351E8208538DB00E4A76D /* Frameworks */,
				5D1351E9208538DB00E4A76D /* Resources */,
			);
			buildRules = (
			);
			dependencies = (
			);
			name = "iOS tools";
			packageProductDependencies = (
			);
			productName = "iOS tools";
			productReference = 5D1351EB208538DB00E4A76D /* iOS tools.app */;
			productType = "com.apple.product-type.application";
		};
/* End PBXNativeTarget section */

/* Begin PBXProject section */
		5D1351E3208538DB00E4A76D /* Project object */ = {
			isa = PBXProject;
			attributes = {
				LastSwiftUpdateCheck = 0930;
				LastUpgradeCheck = 1300;
				ORGANIZATIONNAME = "Alexandre Fenyo";
				TargetAttributes = {
					5D1351EA208538DB00E4A76D = {
						CreatedOnToolsVersion = 9.3;
						LastSwiftMigration = 1250;
					};
				};
			};
			buildConfigurationList = 5D1351E6208538DB00E4A76D /* Build configuration list for PBXProject "iOS tools" */;
			compatibilityVersion = "Xcode 9.3";
			developmentRegion = en;
			hasScannedForEncodings = 0;
			knownRegions = (
				en,
				Base,
			);
			mainGroup = 5D1351E2208538DB00E4A76D;
			packageReferences = (
			);
			productRefGroup = 5D1351EC208538DB00E4A76D /* Products */;
			projectDirPath = "";
			projectRoot = "";
			targets = (
				5D1351EA208538DB00E4A76D /* iOS tools */,
			);
		};
/* End PBXProject section */

/* Begin PBXResourcesBuildPhase section */
		5D1351E9208538DB00E4A76D /* Resources */ = {
			isa = PBXResourcesBuildPhase;
			buildActionMask = 2147483647;
			files = (
				5D42E783216DE5890062A654 /* MasterSectionHeader.xib in Resources */,
				5D38681020963915009FE239 /* config.plist in Resources */,
				5D4B385620A2ECD9006AC172 /* Tools.xcassets in Resources */,
				5D7C30D320EA146600BF0CF8 /* SpeedTest.storyboard in Resources */,
			);
			runOnlyForDeploymentPostprocessing = 0;
		};
/* End PBXResourcesBuildPhase section */

/* Begin PBXShellScriptBuildPhase section */
		5D38680E209623E1009FE239 /* ShellScript */ = {
			isa = PBXShellScriptBuildPhase;
			buildActionMask = 2147483647;
			files = (
			);
			inputPaths = (
			);
			outputPaths = (
			);
			runOnlyForDeploymentPostprocessing = 0;
			shellPath = /bin/zsh;
			shellScript = "echo the output is written in the build report of the report navigator\necho iOS TOOLS ---------- run script started before compiling sources";
		};
/* End PBXShellScriptBuildPhase section */

/* Begin PBXSourcesBuildPhase section */
		5D1351E7208538DB00E4A76D /* Sources */ = {
			isa = PBXSourcesBuildPhase;
			buildActionMask = 2147483647;
			files = (
				5DF21516212D7C13002B7603 /* genericTools.c in Sources */,
				5DE9CE97214FEA5A006F3BC0 /* RightNavController.swift in Sources */,
				5D42E785216DE6000062A654 /* MasterSectionHeader.swift in Sources */,
				5D7C30D820EA1A0B00BF0CF8 /* MasterViewController.swift in Sources */,
				5D6E7FF920EA9E9800375D42 /* SplitViewController.swift in Sources */,
				5D1351EF208538DB00E4A76D /* AppDelegate.swift in Sources */,
				5D7C30DA20EA1B1300BF0CF8 /* DetailViewController.swift in Sources */,
				5DE9CE95214FE99B006F3BC0 /* leftNavController.swift in Sources */,
				5D13522020853BEA00E4A76D /* GenericTools.swift in Sources */,
				5D20A0DA28591DA300C958E9 /* DetailSwiftUIView.swift in Sources */,
				5D63644E213EE0FD00BFEB0F /* Model.swift in Sources */,
			);
			runOnlyForDeploymentPostprocessing = 0;
		};
/* End PBXSourcesBuildPhase section */

/* Begin XCBuildConfiguration section */
		5D135213208538E300E4A76D /* Debug */ = {
			isa = XCBuildConfiguration;
			buildSettings = {
				ALWAYS_SEARCH_USER_PATHS = NO;
				CLANG_ANALYZER_NONNULL = YES;
				CLANG_ANALYZER_NUMBER_OBJECT_CONVERSION = YES_AGGRESSIVE;
				CLANG_CXX_LANGUAGE_STANDARD = "gnu++14";
				CLANG_CXX_LIBRARY = "libc++";
				CLANG_ENABLE_MODULES = YES;
				CLANG_ENABLE_OBJC_ARC = YES;
				CLANG_ENABLE_OBJC_WEAK = YES;
				CLANG_WARN_BLOCK_CAPTURE_AUTORELEASING = YES;
				CLANG_WARN_BOOL_CONVERSION = YES;
				CLANG_WARN_COMMA = YES;
				CLANG_WARN_CONSTANT_CONVERSION = YES;
				CLANG_WARN_DEPRECATED_OBJC_IMPLEMENTATIONS = YES;
				CLANG_WARN_DIRECT_OBJC_ISA_USAGE = YES_ERROR;
				CLANG_WARN_DOCUMENTATION_COMMENTS = YES;
				CLANG_WARN_EMPTY_BODY = YES;
				CLANG_WARN_ENUM_CONVERSION = YES;
				CLANG_WARN_INFINITE_RECURSION = YES;
				CLANG_WARN_INT_CONVERSION = YES;
				CLANG_WARN_NON_LITERAL_NULL_CONVERSION = YES;
				CLANG_WARN_OBJC_IMPLICIT_RETAIN_SELF = YES;
				CLANG_WARN_OBJC_LITERAL_CONVERSION = YES;
				CLANG_WARN_OBJC_ROOT_CLASS = YES_ERROR;
				CLANG_WARN_QUOTED_INCLUDE_IN_FRAMEWORK_HEADER = YES;
				CLANG_WARN_RANGE_LOOP_ANALYSIS = YES;
				CLANG_WARN_STRICT_PROTOTYPES = YES;
				CLANG_WARN_SUSPICIOUS_MOVE = YES;
				CLANG_WARN_UNGUARDED_AVAILABILITY = YES_AGGRESSIVE;
				CLANG_WARN_UNREACHABLE_CODE = YES;
				CLANG_WARN__DUPLICATE_METHOD_MATCH = YES;
				CODE_SIGN_IDENTITY = "iPhone Developer";
				COPY_PHASE_STRIP = NO;
				DEBUG_INFORMATION_FORMAT = dwarf;
				ENABLE_STRICT_OBJC_MSGSEND = YES;
				ENABLE_TESTABILITY = YES;
				GCC_C_LANGUAGE_STANDARD = gnu11;
				GCC_DYNAMIC_NO_PIC = NO;
				GCC_NO_COMMON_BLOCKS = YES;
				GCC_OPTIMIZATION_LEVEL = 0;
				GCC_PREPROCESSOR_DEFINITIONS = (
					"DEBUG=1",
					"$(inherited)",
				);
				GCC_WARN_64_TO_32_BIT_CONVERSION = YES;
				GCC_WARN_ABOUT_RETURN_TYPE = YES_ERROR;
				GCC_WARN_UNDECLARED_SELECTOR = YES;
				GCC_WARN_UNINITIALIZED_AUTOS = YES_AGGRESSIVE;
				GCC_WARN_UNUSED_FUNCTION = YES;
				GCC_WARN_UNUSED_VARIABLE = YES;
				IPHONEOS_DEPLOYMENT_TARGET = 15.6;
				MTL_ENABLE_DEBUG_INFO = YES;
				ONLY_ACTIVE_ARCH = YES;
				SDKROOT = iphoneos;
				SWIFT_ACTIVE_COMPILATION_CONDITIONS = DEBUG;
				SWIFT_OPTIMIZATION_LEVEL = "-Onone";
			};
			name = Debug;
		};
		5D135214208538E300E4A76D /* Release */ = {
			isa = XCBuildConfiguration;
			buildSettings = {
				ALWAYS_SEARCH_USER_PATHS = NO;
				CLANG_ANALYZER_NONNULL = YES;
				CLANG_ANALYZER_NUMBER_OBJECT_CONVERSION = YES_AGGRESSIVE;
				CLANG_CXX_LANGUAGE_STANDARD = "gnu++14";
				CLANG_CXX_LIBRARY = "libc++";
				CLANG_ENABLE_MODULES = YES;
				CLANG_ENABLE_OBJC_ARC = YES;
				CLANG_ENABLE_OBJC_WEAK = YES;
				CLANG_WARN_BLOCK_CAPTURE_AUTORELEASING = YES;
				CLANG_WARN_BOOL_CONVERSION = YES;
				CLANG_WARN_COMMA = YES;
				CLANG_WARN_CONSTANT_CONVERSION = YES;
				CLANG_WARN_DEPRECATED_OBJC_IMPLEMENTATIONS = YES;
				CLANG_WARN_DIRECT_OBJC_ISA_USAGE = YES_ERROR;
				CLANG_WARN_DOCUMENTATION_COMMENTS = YES;
				CLANG_WARN_EMPTY_BODY = YES;
				CLANG_WARN_ENUM_CONVERSION = YES;
				CLANG_WARN_INFINITE_RECURSION = YES;
				CLANG_WARN_INT_CONVERSION = YES;
				CLANG_WARN_NON_LITERAL_NULL_CONVERSION = YES;
				CLANG_WARN_OBJC_IMPLICIT_RETAIN_SELF = YES;
				CLANG_WARN_OBJC_LITERAL_CONVERSION = YES;
				CLANG_WARN_OBJC_ROOT_CLASS = YES_ERROR;
				CLANG_WARN_QUOTED_INCLUDE_IN_FRAMEWORK_HEADER = YES;
				CLANG_WARN_RANGE_LOOP_ANALYSIS = YES;
				CLANG_WARN_STRICT_PROTOTYPES = YES;
				CLANG_WARN_SUSPICIOUS_MOVE = YES;
				CLANG_WARN_UNGUARDED_AVAILABILITY = YES_AGGRESSIVE;
				CLANG_WARN_UNREACHABLE_CODE = YES;
				CLANG_WARN__DUPLICATE_METHOD_MATCH = YES;
				CODE_SIGN_IDENTITY = "iPhone Developer";
				COPY_PHASE_STRIP = NO;
				DEBUG_INFORMATION_FORMAT = "dwarf-with-dsym";
				ENABLE_NS_ASSERTIONS = NO;
				ENABLE_STRICT_OBJC_MSGSEND = YES;
				GCC_C_LANGUAGE_STANDARD = gnu11;
				GCC_NO_COMMON_BLOCKS = YES;
				GCC_WARN_64_TO_32_BIT_CONVERSION = YES;
				GCC_WARN_ABOUT_RETURN_TYPE = YES_ERROR;
				GCC_WARN_UNDECLARED_SELECTOR = YES;
				GCC_WARN_UNINITIALIZED_AUTOS = YES_AGGRESSIVE;
				GCC_WARN_UNUSED_FUNCTION = YES;
				GCC_WARN_UNUSED_VARIABLE = YES;
				IPHONEOS_DEPLOYMENT_TARGET = 15.6;
				MTL_ENABLE_DEBUG_INFO = NO;
				SDKROOT = iphoneos;
				SWIFT_COMPILATION_MODE = wholemodule;
				SWIFT_OPTIMIZATION_LEVEL = "-O";
				VALIDATE_PRODUCT = YES;
			};
			name = Release;
		};
		5D135216208538E300E4A76D /* Debug */ = {
			isa = XCBuildConfiguration;
			buildSettings = {
				ASSETCATALOG_COMPILER_APPICON_NAME = AppIcon;
				CLANG_ENABLE_MODULES = YES;
				CODE_SIGN_IDENTITY = "Apple Development";
				CODE_SIGN_STYLE = Automatic;
				DEVELOPMENT_TEAM = JHZ84Y8364;
				INFOPLIST_FILE = "iOS tools/Info.plist";
				IPHONEOS_DEPLOYMENT_TARGET = 15.6;
				LD_RUNPATH_SEARCH_PATHS = (
					"$(inherited)",
					"@executable_path/Frameworks",
				);
				PRODUCT_BUNDLE_IDENTIFIER = "net.fenyo.apple.iOS-tools";
				PRODUCT_NAME = "$(TARGET_NAME)";
				PROVISIONING_PROFILE_SPECIFIER = "";
				SWIFT_OBJC_BRIDGING_HEADER = "iOS tools/Tools/iOS tools-Bridging-Header.h";
				SWIFT_OPTIMIZATION_LEVEL = "-Onone";
				SWIFT_VERSION = 5.0;
				TARGETED_DEVICE_FAMILY = "1,2";
			};
			name = Debug;
		};
		5D135217208538E300E4A76D /* Release */ = {
			isa = XCBuildConfiguration;
			buildSettings = {
				ASSETCATALOG_COMPILER_APPICON_NAME = AppIcon;
				CLANG_ENABLE_MODULES = YES;
				CODE_SIGN_IDENTITY = "iPhone Developer";
				CODE_SIGN_STYLE = Automatic;
				DEVELOPMENT_TEAM = JHZ84Y8364;
				INFOPLIST_FILE = "iOS tools/Info.plist";
				IPHONEOS_DEPLOYMENT_TARGET = 15.6;
				LD_RUNPATH_SEARCH_PATHS = (
					"$(inherited)",
					"@executable_path/Frameworks",
				);
				PRODUCT_BUNDLE_IDENTIFIER = "net.fenyo.apple.iOS-tools";
				PRODUCT_NAME = "$(TARGET_NAME)";
				PROVISIONING_PROFILE_SPECIFIER = "";
				SWIFT_OBJC_BRIDGING_HEADER = "iOS tools/Tools/iOS tools-Bridging-Header.h";
				SWIFT_VERSION = 5.0;
				TARGETED_DEVICE_FAMILY = "1,2";
			};
			name = Release;
		};
/* End XCBuildConfiguration section */

/* Begin XCConfigurationList section */
		5D1351E6208538DB00E4A76D /* Build configuration list for PBXProject "iOS tools" */ = {
			isa = XCConfigurationList;
			buildConfigurations = (
				5D135213208538E300E4A76D /* Debug */,
				5D135214208538E300E4A76D /* Release */,
			);
			defaultConfigurationIsVisible = 0;
			defaultConfigurationName = Release;
		};
		5D135215208538E300E4A76D /* Build configuration list for PBXNativeTarget "iOS tools" */ = {
			isa = XCConfigurationList;
			buildConfigurations = (
				5D135216208538E300E4A76D /* Debug */,
				5D135217208538E300E4A76D /* Release */,
			);
			defaultConfigurationIsVisible = 0;
			defaultConfigurationName = Release;
		};
/* End XCConfigurationList section */
	};
	rootObject = 5D1351E3208538DB00E4A76D /* Project object */;
}
